
Microsoft Visual Studio Solution File, Format Version 12.00
# Visual Studio Version 17
VisualStudioVersion = 17.6.33801.468
MinimumVisualStudioVersion = 10.0.40219.1
Project("{9A19103F-16F7-4668-BE54-9A1E7A4F7556}") = "TennisTournament", "TennisTournament\TennisTournament.csproj", "{F3F6F24A-3036-4088-A772-02507DB1FD5E}"
EndProject
Project("{FAE04EC0-301F-11D3-BF4B-00C04F79EFBC}") = "TennisTournament.Tests", "Tournament.Tests\TennisTournament.Tests.csproj", "{7C66F6E2-894B-4E16-AEA3-C173ADEBA910}"
EndProject
Global
	GlobalSection(SolutionConfigurationPlatforms) = preSolution
		Debug|Any CPU = Debug|Any CPU
		Release|Any CPU = Release|Any CPU
	EndGlobalSection
	GlobalSection(ProjectConfigurationPlatforms) = postSolution
		{F3F6F24A-3036-4088-A772-02507DB1FD5E}.Debug|Any CPU.ActiveCfg = Debug|Any CPU
		{F3F6F24A-3036-4088-A772-02507DB1FD5E}.Debug|Any CPU.Build.0 = Debug|Any CPU
		{F3F6F24A-3036-4088-A772-02507DB1FD5E}.Release|Any CPU.ActiveCfg = Release|Any CPU
		{F3F6F24A-3036-4088-A772-02507DB1FD5E}.Release|Any CPU.Build.0 = Release|Any CPU
		{7C66F6E2-894B-4E16-AEA3-C173ADEBA910}.Debug|Any CPU.ActiveCfg = Debug|Any CPU
		{7C66F6E2-894B-4E16-AEA3-C173ADEBA910}.Debug|Any CPU.Build.0 = Debug|Any CPU
		{7C66F6E2-894B-4E16-AEA3-C173ADEBA910}.Release|Any CPU.ActiveCfg = Release|Any CPU
		{7C66F6E2-894B-4E16-AEA3-C173ADEBA910}.Release|Any CPU.Build.0 = Release|Any CPU
	EndGlobalSection
	GlobalSection(SolutionProperties) = preSolution
		HideSolutionNode = FALSE
	EndGlobalSection
	GlobalSection(ExtensibilityGlobals) = postSolution
		SolutionGuid = {25088181-B2EA-4CAF-A581-0B3E2F0C79E2}
	EndGlobalSection
EndGlobal
